
Microsoft Visual Studio Solution File, Format Version 12.00
# Visual Studio Version 17
VisualStudioVersion = 17.1.31911.260
MinimumVisualStudioVersion = 10.0.40219.1
Project("{9A19103F-16F7-4668-BE54-9A1E7A4F7556}") = "MyLeague.Football", "MyLeague.Football\MyLeague.Football.csproj", "{92085D35-1730-4DBC-9EB8-BF98D4FDA655}"
EndProject
Project("{9A19103F-16F7-4668-BE54-9A1E7A4F7556}") = "MyLeague.Football.Data", "MyLeague.Football.Data\MyLeague.Football.Data.csproj", "{29E81509-B483-4D3D-B52F-40A117A96111}"
EndProject
Project("{FAE04EC0-301F-11D3-BF4B-00C04F79EFBC}") = "MyLeague.Football.Services", "MyLeague.Football.Services\MyLeague.Football.Services.csproj", "{11A9A3AF-F2BD-4B74-985B-61A7F57B03F4}"
EndProject
Global
	GlobalSection(SolutionConfigurationPlatforms) = preSolution
		Debug|Any CPU = Debug|Any CPU
		Release|Any CPU = Release|Any CPU
	EndGlobalSection
	GlobalSection(ProjectConfigurationPlatforms) = postSolution
		{92085D35-1730-4DBC-9EB8-BF98D4FDA655}.Debug|Any CPU.ActiveCfg = Debug|Any CPU
		{92085D35-1730-4DBC-9EB8-BF98D4FDA655}.Debug|Any CPU.Build.0 = Debug|Any CPU
		{92085D35-1730-4DBC-9EB8-BF98D4FDA655}.Release|Any CPU.ActiveCfg = Release|Any CPU
		{92085D35-1730-4DBC-9EB8-BF98D4FDA655}.Release|Any CPU.Build.0 = Release|Any CPU
		{29E81509-B483-4D3D-B52F-40A117A96111}.Debug|Any CPU.ActiveCfg = Debug|Any CPU
		{29E81509-B483-4D3D-B52F-40A117A96111}.Debug|Any CPU.Build.0 = Debug|Any CPU
		{29E81509-B483-4D3D-B52F-40A117A96111}.Release|Any CPU.ActiveCfg = Release|Any CPU
		{29E81509-B483-4D3D-B52F-40A117A96111}.Release|Any CPU.Build.0 = Release|Any CPU
		{11A9A3AF-F2BD-4B74-985B-61A7F57B03F4}.Debug|Any CPU.ActiveCfg = Debug|Any CPU
		{11A9A3AF-F2BD-4B74-985B-61A7F57B03F4}.Debug|Any CPU.Build.0 = Debug|Any CPU
		{11A9A3AF-F2BD-4B74-985B-61A7F57B03F4}.Release|Any CPU.ActiveCfg = Release|Any CPU
		{11A9A3AF-F2BD-4B74-985B-61A7F57B03F4}.Release|Any CPU.Build.0 = Release|Any CPU
	EndGlobalSection
	GlobalSection(SolutionProperties) = preSolution
		HideSolutionNode = FALSE
	EndGlobalSection
	GlobalSection(ExtensibilityGlobals) = postSolution
		SolutionGuid = {2FB27F85-CDD7-44EA-B9A7-156C5FD29957}
	EndGlobalSection
EndGlobal
